
Microsoft Visual Studio Solution File, Format Version 12.00
# Visual Studio 14
VisualStudioVersion = 14.0.25420.1
MinimumVisualStudioVersion = 10.0.40219.1
Project("{FAE04EC0-301F-11D3-BF4B-00C04F79EFBC}") = "RestaurantReviews", "RestaurantReviews\RestaurantReviews.csproj", "{E84D25E1-8ED8-45C5-B5A7-6CE1AC26B640}"
EndProject
Project("{FAE04EC0-301F-11D3-BF4B-00C04F79EFBC}") = "RestaurantReviews.Tests", "RestaurantReviews.Tests\RestaurantReviews.Tests.csproj", "{90DFFE15-145A-4C36-9D59-F8B3BB6D7EB2}"
EndProject
Global
	GlobalSection(SolutionConfigurationPlatforms) = preSolution
		Debug|Any CPU = Debug|Any CPU
		Release|Any CPU = Release|Any CPU
	EndGlobalSection
	GlobalSection(ProjectConfigurationPlatforms) = postSolution
		{E84D25E1-8ED8-45C5-B5A7-6CE1AC26B640}.Debug|Any CPU.ActiveCfg = Debug|Any CPU
		{E84D25E1-8ED8-45C5-B5A7-6CE1AC26B640}.Debug|Any CPU.Build.0 = Debug|Any CPU
		{E84D25E1-8ED8-45C5-B5A7-6CE1AC26B640}.Release|Any CPU.ActiveCfg = Release|Any CPU
		{E84D25E1-8ED8-45C5-B5A7-6CE1AC26B640}.Release|Any CPU.Build.0 = Release|Any CPU
		{90DFFE15-145A-4C36-9D59-F8B3BB6D7EB2}.Debug|Any CPU.ActiveCfg = Debug|Any CPU
		{90DFFE15-145A-4C36-9D59-F8B3BB6D7EB2}.Debug|Any CPU.Build.0 = Debug|Any CPU
		{90DFFE15-145A-4C36-9D59-F8B3BB6D7EB2}.Release|Any CPU.ActiveCfg = Release|Any CPU
		{90DFFE15-145A-4C36-9D59-F8B3BB6D7EB2}.Release|Any CPU.Build.0 = Release|Any CPU
	EndGlobalSection
	GlobalSection(SolutionProperties) = preSolution
		HideSolutionNode = FALSE
	EndGlobalSection
EndGlobal
